
Microsoft Visual Studio Solution File, Format Version 12.00
# Visual Studio Version 17
VisualStudioVersion = 17.2.32616.157
MinimumVisualStudioVersion = 10.0.40219.1
Project("{FAE04EC0-301F-11D3-BF4B-00C04F79EFBC}") = "ZadanieRekrutacyjne2", "ZadanieRekrutacyjne2\ZadanieRekrutacyjne2.csproj", "{72219D05-8BE9-4D35-8582-E8C83D51F692}"
EndProject
Global
	GlobalSection(SolutionConfigurationPlatforms) = preSolution
		Debug|Any CPU = Debug|Any CPU
		Release|Any CPU = Release|Any CPU
	EndGlobalSection
	GlobalSection(ProjectConfigurationPlatforms) = postSolution
		{72219D05-8BE9-4D35-8582-E8C83D51F692}.Debug|Any CPU.ActiveCfg = Debug|Any CPU
		{72219D05-8BE9-4D35-8582-E8C83D51F692}.Debug|Any CPU.Build.0 = Debug|Any CPU
		{72219D05-8BE9-4D35-8582-E8C83D51F692}.Release|Any CPU.ActiveCfg = Release|Any CPU
		{72219D05-8BE9-4D35-8582-E8C83D51F692}.Release|Any CPU.Build.0 = Release|Any CPU
	EndGlobalSection
	GlobalSection(SolutionProperties) = preSolution
		HideSolutionNode = FALSE
	EndGlobalSection
	GlobalSection(ExtensibilityGlobals) = postSolution
		SolutionGuid = {24E78896-8210-4C42-B13D-867FE1867D07}
	EndGlobalSection
EndGlobal
